# @generated by Move, please check-in and do not edit manually.

[move]
version = 3
manifest_digest = "CD916A646B44C0232C355B08B1FA4FB8F8F87A481371B64D3931C7178F87796F"
deps_digest = "F8BBB0CCB2491CA29A3DF03D6F92277A4F3574266507ACD77214D37ECA3F3082"
dependencies = [
  { id = "Sui", name = "Sui" },
]

[[move.package]]
id = "MoveStdlib"
source = { git = "https://github.com/MystenLabs/sui.git", rev = "framework/testnet", subdir = "crates/sui-framework/packages/move-stdlib" }

[[move.package]]
id = "Sui"
source = { git = "https://github.com/MystenLabs/sui.git", rev = "framework/testnet", subdir = "crates/sui-framework/packages/sui-framework" }

dependencies = [
  { id = "MoveStdlib", name = "MoveStdlib" },
]

[move.toolchain-version]
compiler-version = "1.49.1"
edition = "2024.beta"
flavor = "sui"

[env]

[env.testnet]
chain-id = "4c78adac"
original-published-id = "0xa79fa68be4d54184a6d0417521fa50c0b3e9c97203ef5df17bf44e4e5589f8e2"
latest-published-id = "0xa79fa68be4d54184a6d0417521fa50c0b3e9c97203ef5df17bf44e4e5589f8e2"
published-version = "1"
